// !$*UTF8*$!
{
	archiveVersion = 1;
	classes = {
	};
	objectVersion = 55;
	objects = {

/* Begin PBXBuildFile section */
		870B992327E013A200402B1F /* Totally_Not_WordleApp.swift in Sources */ = {isa = PBXBuildFile; fileRef = 870B992227E013A200402B1F /* Totally_Not_WordleApp.swift */; };
		870B992527E013A200402B1F /* ContentView.swift in Sources */ = {isa = PBXBuildFile; fileRef = 870B992427E013A200402B1F /* ContentView.swift */; };
		870B992727E013A200402B1F /* Assets.xcassets in Resources */ = {isa = PBXBuildFile; fileRef = 870B992627E013A200402B1F /* Assets.xcassets */; };
		870B992A27E013A200402B1F /* Preview Assets.xcassets in Resources */ = {isa = PBXBuildFile; fileRef = 870B992927E013A200402B1F /* Preview Assets.xcassets */; };
		870B993127E013EE00402B1F /* KeyView.swift in Sources */ = {isa = PBXBuildFile; fileRef = 870B993027E013EE00402B1F /* KeyView.swift */; };
		870B993327E0176200402B1F /* KeyboardView.swift in Sources */ = {isa = PBXBuildFile; fileRef = 870B993227E0176200402B1F /* KeyboardView.swift */; };
		87D2607D27E0207000F04EA4 /* GuessLetterView.swift in Sources */ = {isa = PBXBuildFile; fileRef = 87D2607C27E0207000F04EA4 /* GuessLetterView.swift */; };
		87D2607F27E022B400F04EA4 /* GuessView.swift in Sources */ = {isa = PBXBuildFile; fileRef = 87D2607E27E022B400F04EA4 /* GuessView.swift */; };
		87D2608127E0259E00F04EA4 /* GameBoardView.swift in Sources */ = {isa = PBXBuildFile; fileRef = 87D2608027E0259E00F04EA4 /* GameBoardView.swift */; };
/* End PBXBuildFile section */

/* Begin PBXFileReference section */
		870B991F27E013A200402B1F /* Totally Not Wordle.app */ = {isa = PBXFileReference; explicitFileType = wrapper.application; includeInIndex = 0; path = "Totally Not Wordle.app"; sourceTree = BUILT_PRODUCTS_DIR; };
		870B992227E013A200402B1F /* Totally_Not_WordleApp.swift */ = {isa = PBXFileReference; lastKnownFileType = sourcecode.swift; path = Totally_Not_WordleApp.swift; sourceTree = "<group>"; };
		870B992427E013A200402B1F /* ContentView.swift */ = {isa = PBXFileReference; lastKnownFileType = sourcecode.swift; path = ContentView.swift; sourceTree = "<group>"; };
		870B992627E013A200402B1F /* Assets.xcassets */ = {isa = PBXFileReference; lastKnownFileType = folder.assetcatalog; path = Assets.xcassets; sourceTree = "<group>"; };
		870B992927E013A200402B1F /* Preview Assets.xcassets */ = {isa = PBXFileReference; lastKnownFileType = folder.assetcatalog; path = "Preview Assets.xcassets"; sourceTree = "<group>"; };
		870B993027E013EE00402B1F /* KeyView.swift */ = {isa = PBXFileReference; lastKnownFileType = sourcecode.swift; path = KeyView.swift; sourceTree = "<group>"; };
		870B993227E0176200402B1F /* KeyboardView.swift */ = {isa = PBXFileReference; lastKnownFileType = sourcecode.swift; path = KeyboardView.swift; sourceTree = "<group>"; };
		87D2607C27E0207000F04EA4 /* GuessLetterView.swift */ = {isa = PBXFileReference; lastKnownFileType = sourcecode.swift; path = GuessLetterView.swift; sourceTree = "<group>"; };
		87D2607E27E022B400F04EA4 /* GuessView.swift */ = {isa = PBXFileReference; lastKnownFileType = sourcecode.swift; path = GuessView.swift; sourceTree = "<group>"; };
		87D2608027E0259E00F04EA4 /* GameBoardView.swift */ = {isa = PBXFileReference; lastKnownFileType = sourcecode.swift; path = GameBoardView.swift; sourceTree = "<group>"; };
/* End PBXFileReference section */

/* Begin PBXFrameworksBuildPhase section */
		870B991C27E013A200402B1F /* Frameworks */ = {
			isa = PBXFrameworksBuildPhase;
			buildActionMask = 2147483647;
			files = (
			);
			runOnlyForDeploymentPostprocessing = 0;
		};
/* End PBXFrameworksBuildPhase section */

/* Begin PBXGroup section */
		870B991627E013A200402B1F = {
			isa = PBXGroup;
			children = (
				870B992127E013A200402B1F /* Totally Not Wordle */,
				870B992027E013A200402B1F /* Products */,
			);
			sourceTree = "<group>";
		};
		870B992027E013A200402B1F /* Products */ = {
			isa = PBXGroup;
			children = (
				870B991F27E013A200402B1F /* Totally Not Wordle.app */,
			);
			name = Products;
			sourceTree = "<group>";
		};
		870B992127E013A200402B1F /* Totally Not Wordle */ = {
			isa = PBXGroup;
			children = (
				870B992227E013A200402B1F /* Totally_Not_WordleApp.swift */,
				870B992427E013A200402B1F /* ContentView.swift */,
				870B992627E013A200402B1F /* Assets.xcassets */,
				870B992827E013A200402B1F /* Preview Content */,
				870B993027E013EE00402B1F /* KeyView.swift */,
				870B993227E0176200402B1F /* KeyboardView.swift */,
				87D2607C27E0207000F04EA4 /* GuessLetterView.swift */,
				87D2607E27E022B400F04EA4 /* GuessView.swift */,
				87D2608027E0259E00F04EA4 /* GameBoardView.swift */,
			);
			path = "Totally Not Wordle";
			sourceTree = "<group>";
		};
		870B992827E013A200402B1F /* Preview Content */ = {
			isa = PBXGroup;
			children = (
				870B992927E013A200402B1F /* Preview Assets.xcassets */,
			);
			path = "Preview Content";
			sourceTree = "<group>";
		};
/* End PBXGroup section */

/* Begin PBXNativeTarget section */
		870B991E27E013A200402B1F /* Totally Not Wordle */ = {
			isa = PBXNativeTarget;
			buildConfigurationList = 870B992D27E013A200402B1F /* Build configuration list for PBXNativeTarget "Totally Not Wordle" */;
			buildPhases = (
				870B991B27E013A200402B1F /* Sources */,
				870B991C27E013A200402B1F /* Frameworks */,
				870B991D27E013A200402B1F /* Resources */,
			);
			buildRules = (
			);
			dependencies = (
			);
			name = "Totally Not Wordle";
			productName = "Totally Not Wordle";
			productReference = 870B991F27E013A200402B1F /* Totally Not Wordle.app */;
			productType = "com.apple.product-type.application";
		};
/* End PBXNativeTarget section */

/* Begin PBXProject section */
		870B991727E013A200402B1F /* Project object */ = {
			isa = PBXProject;
			attributes = {
				BuildIndependentTargetsInParallel = 1;
				LastSwiftUpdateCheck = 1320;
				LastUpgradeCheck = 1320;
				TargetAttributes = {
					870B991E27E013A200402B1F = {
						CreatedOnToolsVersion = 13.2.1;
					};
				};
			};
			buildConfigurationList = 870B991A27E013A200402B1F /* Build configuration list for PBXProject "Totally Not Wordle" */;
			compatibilityVersion = "Xcode 13.0";
			developmentRegion = en;
			hasScannedForEncodings = 0;
			knownRegions = (
				en,
				Base,
			);
			mainGroup = 870B991627E013A200402B1F;
			productRefGroup = 870B992027E013A200402B1F /* Products */;
			projectDirPath = "";
			projectRoot = "";
			targets = (
				870B991E27E013A200402B1F /* Totally Not Wordle */,
			);
		};
/* End PBXProject section */

/* Begin PBXResourcesBuildPhase section */
		870B991D27E013A200402B1F /* Resources */ = {
			isa = PBXResourcesBuildPhase;
			buildActionMask = 2147483647;
			files = (
				870B992A27E013A200402B1F /* Preview Assets.xcassets in Resources */,
				870B992727E013A200402B1F /* Assets.xcassets in Resources */,
			);
			runOnlyForDeploymentPostprocessing = 0;
		};
/* End PBXResourcesBuildPhase section */

/* Begin PBXSourcesBuildPhase section */
		870B991B27E013A200402B1F /* Sources */ = {
			isa = PBXSourcesBuildPhase;
			buildActionMask = 2147483647;
			files = (
				870B992527E013A200402B1F /* ContentView.swift in Sources */,
				870B993327E0176200402B1F /* KeyboardView.swift in Sources */,
				87D2607F27E022B400F04EA4 /* GuessView.swift in Sources */,
				87D2607D27E0207000F04EA4 /* GuessLetterView.swift in Sources */,
				870B992327E013A200402B1F /* Totally_Not_WordleApp.swift in Sources */,
				87D2608127E0259E00F04EA4 /* GameBoardView.swift in Sources */,
				870B993127E013EE00402B1F /* KeyView.swift in Sources */,
			);
			runOnlyForDeploymentPostprocessing = 0;
		};
/* End PBXSourcesBuildPhase section */

/* Begin XCBuildConfiguration section */
		870B992B27E013A200402B1F /* Debug */ = {
			isa = XCBuildConfiguration;
			buildSettings = {
				ALWAYS_SEARCH_USER_PATHS = NO;
				CLANG_ANALYZER_NONNULL = YES;
				CLANG_ANALYZER_NUMBER_OBJECT_CONVERSION = YES_AGGRESSIVE;
				CLANG_CXX_LANGUAGE_STANDARD = "gnu++17";
				CLANG_CXX_LIBRARY = "libc++";
				CLANG_ENABLE_MODULES = YES;
				CLANG_ENABLE_OBJC_ARC = YES;
				CLANG_ENABLE_OBJC_WEAK = YES;
				CLANG_WARN_BLOCK_CAPTURE_AUTORELEASING = YES;
				CLANG_WARN_BOOL_CONVERSION = YES;
				CLANG_WARN_COMMA = YES;
				CLANG_WARN_CONSTANT_CONVERSION = YES;
				CLANG_WARN_DEPRECATED_OBJC_IMPLEMENTATIONS = YES;
				CLANG_WARN_DIRECT_OBJC_ISA_USAGE = YES_ERROR;
				CLANG_WARN_DOCUMENTATION_COMMENTS = YES;
				CLANG_WARN_EMPTY_BODY = YES;
				CLANG_WARN_ENUM_CONVERSION = YES;
				CLANG_WARN_INFINITE_RECURSION = YES;
				CLANG_WARN_INT_CONVERSION = YES;
				CLANG_WARN_NON_LITERAL_NULL_CONVERSION = YES;
				CLANG_WARN_OBJC_IMPLICIT_RETAIN_SELF = YES;
				CLANG_WARN_OBJC_LITERAL_CONVERSION = YES;
				CLANG_WARN_OBJC_ROOT_CLASS = YES_ERROR;
				CLANG_WARN_QUOTED_INCLUDE_IN_FRAMEWORK_HEADER = YES;
				CLANG_WARN_RANGE_LOOP_ANALYSIS = YES;
				CLANG_WARN_STRICT_PROTOTYPES = YES;
				CLANG_WARN_SUSPICIOUS_MOVE = YES;
				CLANG_WARN_UNGUARDED_AVAILABILITY = YES_AGGRESSIVE;
				CLANG_WARN_UNREACHABLE_CODE = YES;
				CLANG_WARN__DUPLICATE_METHOD_MATCH = YES;
				COPY_PHASE_STRIP = NO;
				DEBUG_INFORMATION_FORMAT = dwarf;
				ENABLE_STRICT_OBJC_MSGSEND = YES;
				ENABLE_TESTABILITY = YES;
				GCC_C_LANGUAGE_STANDARD = gnu11;
				GCC_DYNAMIC_NO_PIC = NO;
				GCC_NO_COMMON_BLOCKS = YES;
				GCC_OPTIMIZATION_LEVEL = 0;
				GCC_PREPROCESSOR_DEFINITIONS = (
					"DEBUG=1",
					"$(inherited)",
				);
				GCC_WARN_64_TO_32_BIT_CONVERSION = YES;
				GCC_WARN_ABOUT_RETURN_TYPE = YES_ERROR;
				GCC_WARN_UNDECLARED_SELECTOR = YES;
				GCC_WARN_UNINITIALIZED_AUTOS = YES_AGGRESSIVE;
				GCC_WARN_UNUSED_FUNCTION = YES;
				GCC_WARN_UNUSED_VARIABLE = YES;
				IPHONEOS_DEPLOYMENT_TARGET = 15.2;
				MTL_ENABLE_DEBUG_INFO = INCLUDE_SOURCE;
				MTL_FAST_MATH = YES;
				ONLY_ACTIVE_ARCH = YES;
				SDKROOT = iphoneos;
				SWIFT_ACTIVE_COMPILATION_CONDITIONS = DEBUG;
				SWIFT_OPTIMIZATION_LEVEL = "-Onone";
			};
			name = Debug;
		};
		870B992C27E013A200402B1F /* Release */ = {
			isa = XCBuildConfiguration;
			buildSettings = {
				ALWAYS_SEARCH_USER_PATHS = NO;
				CLANG_ANALYZER_NONNULL = YES;
				CLANG_ANALYZER_NUMBER_OBJECT_CONVERSION = YES_AGGRESSIVE;
				CLANG_CXX_LANGUAGE_STANDARD = "gnu++17";
				CLANG_CXX_LIBRARY = "libc++";
				CLANG_ENABLE_MODULES = YES;
				CLANG_ENABLE_OBJC_ARC = YES;
				CLANG_ENABLE_OBJC_WEAK = YES;
				CLANG_WARN_BLOCK_CAPTURE_AUTORELEASING = YES;
				CLANG_WARN_BOOL_CONVERSION = YES;
				CLANG_WARN_COMMA = YES;
				CLANG_WARN_CONSTANT_CONVERSION = YES;
				CLANG_WARN_DEPRECATED_OBJC_IMPLEMENTATIONS = YES;
				CLANG_WARN_DIRECT_OBJC_ISA_USAGE = YES_ERROR;
				CLANG_WARN_DOCUMENTATION_COMMENTS = YES;
				CLANG_WARN_EMPTY_BODY = YES;
				CLANG_WARN_ENUM_CONVERSION = YES;
				CLANG_WARN_INFINITE_RECURSION = YES;
				CLANG_WARN_INT_CONVERSION = YES;
				CLANG_WARN_NON_LITERAL_NULL_CONVERSION = YES;
				CLANG_WARN_OBJC_IMPLICIT_RETAIN_SELF = YES;
				CLANG_WARN_OBJC_LITERAL_CONVERSION = YES;
				CLANG_WARN_OBJC_ROOT_CLASS = YES_ERROR;
				CLANG_WARN_QUOTED_INCLUDE_IN_FRAMEWORK_HEADER = YES;
				CLANG_WARN_RANGE_LOOP_ANALYSIS = YES;
				CLANG_WARN_STRICT_PROTOTYPES = YES;
				CLANG_WARN_SUSPICIOUS_MOVE = YES;
				CLANG_WARN_UNGUARDED_AVAILABILITY = YES_AGGRESSIVE;
				CLANG_WARN_UNREACHABLE_CODE = YES;
				CLANG_WARN__DUPLICATE_METHOD_MATCH = YES;
				COPY_PHASE_STRIP = NO;
				DEBUG_INFORMATION_FORMAT = "dwarf-with-dsym";
				ENABLE_NS_ASSERTIONS = NO;
				ENABLE_STRICT_OBJC_MSGSEND = YES;
				GCC_C_LANGUAGE_STANDARD = gnu11;
				GCC_NO_COMMON_BLOCKS = YES;
				GCC_WARN_64_TO_32_BIT_CONVERSION = YES;
				GCC_WARN_ABOUT_RETURN_TYPE = YES_ERROR;
				GCC_WARN_UNDECLARED_SELECTOR = YES;
				GCC_WARN_UNINITIALIZED_AUTOS = YES_AGGRESSIVE;
				GCC_WARN_UNUSED_FUNCTION = YES;
				GCC_WARN_UNUSED_VARIABLE = YES;
				IPHONEOS_DEPLOYMENT_TARGET = 15.2;
				MTL_ENABLE_DEBUG_INFO = NO;
				MTL_FAST_MATH = YES;
				SDKROOT = iphoneos;
				SWIFT_COMPILATION_MODE = wholemodule;
				SWIFT_OPTIMIZATION_LEVEL = "-O";
				VALIDATE_PRODUCT = YES;
			};
			name = Release;
		};
		870B992E27E013A200402B1F /* Debug */ = {
			isa = XCBuildConfiguration;
			buildSettings = {
				ASSETCATALOG_COMPILER_APPICON_NAME = AppIcon;
				ASSETCATALOG_COMPILER_GLOBAL_ACCENT_COLOR_NAME = AccentColor;
				CODE_SIGN_STYLE = Automatic;
				CURRENT_PROJECT_VERSION = 1;
				DEVELOPMENT_ASSET_PATHS = "\"Totally Not Wordle/Preview Content\"";
				DEVELOPMENT_TEAM = 7M4W2Y3X7H;
				ENABLE_PREVIEWS = YES;
				GENERATE_INFOPLIST_FILE = YES;
				INFOPLIST_KEY_UIApplicationSceneManifest_Generation = YES;
				INFOPLIST_KEY_UIApplicationSupportsIndirectInputEvents = YES;
				INFOPLIST_KEY_UILaunchScreen_Generation = YES;
				INFOPLIST_KEY_UISupportedInterfaceOrientations_iPad = "UIInterfaceOrientationPortrait UIInterfaceOrientationPortraitUpsideDown UIInterfaceOrientationLandscapeLeft UIInterfaceOrientationLandscapeRight";
				INFOPLIST_KEY_UISupportedInterfaceOrientations_iPhone = "UIInterfaceOrientationPortrait UIInterfaceOrientationLandscapeLeft UIInterfaceOrientationLandscapeRight";
				LD_RUNPATH_SEARCH_PATHS = (
					"$(inherited)",
					"@executable_path/Frameworks",
				);
				MARKETING_VERSION = 1.0;
				PRODUCT_BUNDLE_IDENTIFIER = "com.eddiekoranek.Totally-Not-Wordle";
				PRODUCT_NAME = "$(TARGET_NAME)";
				SWIFT_EMIT_LOC_STRINGS = YES;
				SWIFT_VERSION = 5.0;
				TARGETED_DEVICE_FAMILY = "1,2";
			};
			name = Debug;
		};
		870B992F27E013A200402B1F /* Release */ = {
			isa = XCBuildConfiguration;
			buildSettings = {
				ASSETCATALOG_COMPILER_APPICON_NAME = AppIcon;
				ASSETCATALOG_COMPILER_GLOBAL_ACCENT_COLOR_NAME = AccentColor;
				CODE_SIGN_STYLE = Automatic;
				CURRENT_PROJECT_VERSION = 1;
				DEVELOPMENT_ASSET_PATHS = "\"Totally Not Wordle/Preview Content\"";
				DEVELOPMENT_TEAM = 7M4W2Y3X7H;
				ENABLE_PREVIEWS = YES;
				GENERATE_INFOPLIST_FILE = YES;
				INFOPLIST_KEY_UIApplicationSceneManifest_Generation = YES;
				INFOPLIST_KEY_UIApplicationSupportsIndirectInputEvents = YES;
				INFOPLIST_KEY_UILaunchScreen_Generation = YES;
				INFOPLIST_KEY_UISupportedInterfaceOrientations_iPad = "UIInterfaceOrientationPortrait UIInterfaceOrientationPortraitUpsideDown UIInterfaceOrientationLandscapeLeft UIInterfaceOrientationLandscapeRight";
				INFOPLIST_KEY_UISupportedInterfaceOrientations_iPhone = "UIInterfaceOrientationPortrait UIInterfaceOrientationLandscapeLeft UIInterfaceOrientationLandscapeRight";
				LD_RUNPATH_SEARCH_PATHS = (
					"$(inherited)",
					"@executable_path/Frameworks",
				);
				MARKETING_VERSION = 1.0;
				PRODUCT_BUNDLE_IDENTIFIER = "com.eddiekoranek.Totally-Not-Wordle";
				PRODUCT_NAME = "$(TARGET_NAME)";
				SWIFT_EMIT_LOC_STRINGS = YES;
				SWIFT_VERSION = 5.0;
				TARGETED_DEVICE_FAMILY = "1,2";
			};
			name = Release;
		};
/* End XCBuildConfiguration section */

/* Begin XCConfigurationList section */
		870B991A27E013A200402B1F /* Build configuration list for PBXProject "Totally Not Wordle" */ = {
			isa = XCConfigurationList;
			buildConfigurations = (
				870B992B27E013A200402B1F /* Debug */,
				870B992C27E013A200402B1F /* Release */,
			);
			defaultConfigurationIsVisible = 0;
			defaultConfigurationName = Release;
		};
		870B992D27E013A200402B1F /* Build configuration list for PBXNativeTarget "Totally Not Wordle" */ = {
			isa = XCConfigurationList;
			buildConfigurations = (
				870B992E27E013A200402B1F /* Debug */,
				870B992F27E013A200402B1F /* Release */,
			);
			defaultConfigurationIsVisible = 0;
			defaultConfigurationName = Release;
		};
/* End XCConfigurationList section */
	};
	rootObject = 870B991727E013A200402B1F /* Project object */;
}
